PODS:
  - AppAuth (1.6.2):
    - AppAuth/Core (= 1.6.2)
    - AppAuth/ExternalUserAgent (= 1.6.2)
  - AppAuth/Core (1.6.2)
  - AppAuth/ExternalUserAgent (1.6.2):
    - AppAuth/Core
  - Capacitor (4.6.1):
    - CapacitorCordova
  - CapacitorApp (4.1.1):
    - Capacitor
  - CapacitorBrowser (4.1.0):
    - Capacitor
  - CapacitorCamera (4.1.5):
    - Capacitor
  - CapacitorClipboard (4.1.0):
    - Capacitor
  - CapacitorCommunityCameraPreview (2.0.0):
    - Capacitor
  - CapacitorCordova (4.6.1)
  - CapacitorDevice (4.1.0):
    - Capacitor
  - CapacitorGeolocation (4.1.0):
    - Capacitor
  - CapacitorHaptics (4.1.0):
    - Capacitor
  - CapacitorKeyboard (4.1.0):
    - Capacitor
  - CapacitorNativeSettings (4.0.3):
    - Capacitor
  - CapacitorNetwork (4.1.0):
    - Capacitor
  - CapacitorPreferences (4.0.2):
    - Capacitor
  - CapacitorPushNotifications (4.1.2):
    - Capacitor
  - CapacitorSecureStoragePlugin (0.8.1):
    - Capacitor
    - SwiftKeychainWrapper
  - CapacitorSplashScreen (4.1.2):
    - Capacitor
  - CapacitorStatusBar (4.1.1):
    - Capacitor
  - CapacitorTextZoom (4.1.0):
    - Capacitor
  - CordovaPlugins (4.6.1):
    - CapacitorCordova
  - CordovaPluginsStatic (4.6.1):
    - CapacitorCordova
    - GoogleSignIn (~> 5.0.2)
    - GoogleUtilities (~> 7.2.2)
    - Smartlook (= 1.8.5)
  - Firebase/CoreOnly (7.11.0):
    - FirebaseCore (= 7.11.0)
  - Firebase/Messaging (7.11.0):
    - Firebase/CoreOnly
    - FirebaseMessaging (~> 7.11.0)
  - FirebaseCore (7.11.0):
    - FirebaseCoreDiagnostics (~> 7.4)
    - GoogleUtilities/Environment (~> 7.0)
    - GoogleUtilities/Logger (~> 7.0)
  - FirebaseCoreDiagnostics (7.11.0):
    - GoogleDataTransport (~> 8.4)
    - GoogleUtilities/Environment (~> 7.0)
    - GoogleUtilities/Logger (~> 7.0)
    - nanopb (~> 2.30908.0)
  - FirebaseInstallations (7.11.0):
    - FirebaseCore (~> 7.0)
    - GoogleUtilities/Environment (~> 7.0)
    - GoogleUtilities/UserDefaults (~> 7.0)
    - PromisesObjC (~> 1.2)
  - FirebaseInstanceID (7.11.0):
    - FirebaseCore (~> 7.0)
    - FirebaseInstallations (~> 7.0)
    - GoogleUtilities/Environment (~> 7.0)
    - GoogleUtilities/UserDefaults (~> 7.0)
  - FirebaseMessaging (7.11.0):
    - FirebaseCore (~> 7.0)
    - FirebaseInstallations (~> 7.0)
    - FirebaseInstanceID (~> 7.0)
    - GoogleUtilities/AppDelegateSwizzler (~> 7.0)
    - GoogleUtilities/Environment (~> 7.0)
    - GoogleUtilities/Reachability (~> 7.0)
    - GoogleUtilities/UserDefaults (~> 7.0)
  - GoogleDataTransport (8.4.0):
    - GoogleUtilities/Environment (~> 7.2)
    - nanopb (~> 2.30908.0)
    - PromisesObjC (~> 1.2)
  - GoogleSignIn (5.0.2):
    - AppAuth (~> 1.2)
    - GTMAppAuth (~> 1.0)
    - GTMSessionFetcher/Core (~> 1.1)
  - GoogleUtilities (7.2.2):
    - GoogleUtilities/AppDelegateSwizzler (= 7.2.2)
    - GoogleUtilities/Environment (= 7.2.2)
    - GoogleUtilities/ISASwizzler (= 7.2.2)
    - GoogleUtilities/Logger (= 7.2.2)
    - GoogleUtilities/MethodSwizzler (= 7.2.2)
    - GoogleUtilities/Network (= 7.2.2)
    - "GoogleUtilities/NSData+zlib (= 7.2.2)"
    - GoogleUtilities/Reachability (= 7.2.2)
    - GoogleUtilities/SwizzlerTestHelpers (= 7.2.2)
    - GoogleUtilities/UserDefaults (= 7.2.2)
  - GoogleUtilities/AppDelegateSwizzler (7.2.2):
    - GoogleUtilities/Environment
    - GoogleUtilities/Logger
    - GoogleUtilities/Network
  - GoogleUtilities/Environment (7.2.2):
    - PromisesObjC (~> 1.2)
  - GoogleUtilities/ISASwizzler (7.2.2)
  - GoogleUtilities/Logger (7.2.2):
    - GoogleUtilities/Environment
  - GoogleUtilities/MethodSwizzler (7.2.2):
    - GoogleUtilities/Logger
  - GoogleUtilities/Network (7.2.2):
    - GoogleUtilities/Logger
    - "GoogleUtilities/NSData+zlib"
    - GoogleUtilities/Reachability
  - "GoogleUtilities/NSData+zlib (7.2.2)"
  - GoogleUtilities/Reachability (7.2.2):
    - GoogleUtilities/Logger
  - GoogleUtilities/SwizzlerTestHelpers (7.2.2):
    - GoogleUtilities/MethodSwizzler
  - GoogleUtilities/UserDefaults (7.2.2):
    - GoogleUtilities/Logger
  - GTMAppAuth (1.3.1):
    - AppAuth/Core (~> 1.6)
    - GTMSessionFetcher/Core (< 3.0, >= 1.5)
  - GTMSessionFetcher/Core (1.7.2)
  - nanopb (2.30908.0):
    - nanopb/decode (= 2.30908.0)
    - nanopb/encode (= 2.30908.0)
  - nanopb/decode (2.30908.0)
  - nanopb/encode (2.30908.0)
  - PromisesObjC (1.2.12)
  - PryntTrimmerView (4.0.2)
  - Smartlook (1.8.5)
  - SteviaLayout (5.1.2)
  - SwiftKeychainWrapper (4.0.1)
  - YPImagePicker (5.2.1.0):
    - PryntTrimmerView (= 4.0.2)
    - SteviaLayout (= 5.1.2)

DEPENDENCIES:
  - "Capacitor (from `../../node_modules/@capacitor/ios`)"
  - "CapacitorApp (from `../../node_modules/@capacitor/app`)"
  - "CapacitorBrowser (from `../../node_modules/@capacitor/browser`)"
  - "CapacitorCamera (from `../../node_modules/@capacitor/camera`)"
  - "CapacitorClipboard (from `../../node_modules/@capacitor/clipboard`)"
  - "CapacitorCommunityCameraPreview (from `../../node_modules/@capacitor-community/camera-preview`)"
  - "CapacitorCordova (from `../../node_modules/@capacitor/ios`)"
  - "CapacitorDevice (from `../../node_modules/@capacitor/device`)"
  - "CapacitorGeolocation (from `../../node_modules/@capacitor/geolocation`)"
  - "CapacitorHaptics (from `../../node_modules/@capacitor/haptics`)"
  - "CapacitorKeyboard (from `../../node_modules/@capacitor/keyboard`)"
  - CapacitorNativeSettings (from `../../node_modules/capacitor-native-settings`)
  - "CapacitorNetwork (from `../../node_modules/@capacitor/network`)"
  - "CapacitorPreferences (from `../../node_modules/@capacitor/preferences`)"
  - "CapacitorPushNotifications (from `../../node_modules/@capacitor/push-notifications`)"
  - CapacitorSecureStoragePlugin (from `../../node_modules/capacitor-secure-storage-plugin`)
  - "CapacitorSplashScreen (from `../../node_modules/@capacitor/splash-screen`)"
  - "CapacitorStatusBar (from `../../node_modules/@capacitor/status-bar`)"
  - "CapacitorTextZoom (from `../../node_modules/@capacitor/text-zoom`)"
  - CordovaPlugins (from `../capacitor-cordova-ios-plugins`)
  - CordovaPluginsStatic (from `../capacitor-cordova-ios-plugins`)
  - Firebase/Messaging
  - FirebaseCore
  - YPImagePicker (from `https://github.com/jonz94/YPImagePicker.git`, tag `5.2.1.0`)

SPEC REPOS:
  trunk:
    - AppAuth
    - Firebase
    - FirebaseCore
    - FirebaseCoreDiagnostics
    - FirebaseInstallations
    - FirebaseInstanceID
    - FirebaseMessaging
    - GoogleDataTransport
    - GoogleSignIn
    - GoogleUtilities
    - GTMAppAuth
    - GTMSessionFetcher
    - nanopb
    - PromisesObjC
    - PryntTrimmerView
    - Smartlook
    - SteviaLayout
    - SwiftKeychainWrapper

EXTERNAL SOURCES:
  Capacitor:
    :path: "../../node_modules/@capacitor/ios"
  CapacitorApp:
    :path: "../../node_modules/@capacitor/app"
  CapacitorBrowser:
    :path: "../../node_modules/@capacitor/browser"
  CapacitorCamera:
    :path: "../../node_modules/@capacitor/camera"
  CapacitorClipboard:
    :path: "../../node_modules/@capacitor/clipboard"
  CapacitorCommunityCameraPreview:
    :path: "../../node_modules/@capacitor-community/camera-preview"
  CapacitorCordova:
    :path: "../../node_modules/@capacitor/ios"
  CapacitorDevice:
    :path: "../../node_modules/@capacitor/device"
  CapacitorGeolocation:
    :path: "../../node_modules/@capacitor/geolocation"
  CapacitorHaptics:
    :path: "../../node_modules/@capacitor/haptics"
  CapacitorKeyboard:
    :path: "../../node_modules/@capacitor/keyboard"
  CapacitorNativeSettings:
    :path: "../../node_modules/capacitor-native-settings"
  CapacitorNetwork:
    :path: "../../node_modules/@capacitor/network"
  CapacitorPreferences:
    :path: "../../node_modules/@capacitor/preferences"
  CapacitorPushNotifications:
    :path: "../../node_modules/@capacitor/push-notifications"
  CapacitorSecureStoragePlugin:
    :path: "../../node_modules/capacitor-secure-storage-plugin"
  CapacitorSplashScreen:
    :path: "../../node_modules/@capacitor/splash-screen"
  CapacitorStatusBar:
    :path: "../../node_modules/@capacitor/status-bar"
  CapacitorTextZoom:
    :path: "../../node_modules/@capacitor/text-zoom"
  CordovaPlugins:
    :path: "../capacitor-cordova-ios-plugins"
  CordovaPluginsStatic:
    :path: "../capacitor-cordova-ios-plugins"
  YPImagePicker:
    :git: https://github.com/jonz94/YPImagePicker.git
    :tag: 5.2.1.0

CHECKOUT OPTIONS:
  YPImagePicker:
    :git: https://github.com/jonz94/YPImagePicker.git
    :tag: 5.2.1.0

SPEC CHECKSUMS:
  AppAuth: 3bb1d1cd9340bd09f5ed189fb00b1cc28e1e8570
  Capacitor: 6b8848492d0b4fec76f53c1504089228d00645bf
  CapacitorApp: acd42fe8561fe751ad5b5f459aa85e6acd7bee24
  CapacitorBrowser: 05b68799d62b7b864974f59a5af3e4ddcce953f1
  CapacitorCamera: 6f0777dbc5b9fbb59852567ba9ac3b0da2e4ee8f
  CapacitorClipboard: 4c092a2608520afb799429e63820256c3a59f1e5
  CapacitorCommunityCameraPreview: 47070b2c66a79a424afe7c73bd951dfabfbc0f76
  CapacitorCordova: 48a0f6863177473356a4aecb4ee69e2b865202e7
  CapacitorDevice: 63e8ef8837176b8caf67dc0717b8b1123754a955
  CapacitorGeolocation: e792888b4eca5cf31ed984491b645d42666278cb
  CapacitorHaptics: 213b3a1f3efd6dbf6e6b76a1b2bb0399cf43b213
  CapacitorKeyboard: 3c14461fb337847524357151edbbe4229bda83c8
  CapacitorNativeSettings: b6f40955945bc659f966a43fa54fc6be192d8f9b
  CapacitorNetwork: 7126b3d2d23ca60d5ac0d8d2ecccfab0b1f305c6
  CapacitorPreferences: 1d66dc32299f55ed632c5611f312878979275ea5
  CapacitorPushNotifications: b59c99fb4041a4f2c450f9287d158cca48a788f0
  CapacitorSecureStoragePlugin: e616d090177dfbf9754dd1bdb515a8f23855bf4e
  CapacitorSplashScreen: 58602bb275ecbc4a7957b4cdf93497db24ae2289
  CapacitorStatusBar: 65933e554bb5d65b361deaa936a93616086a2608
  CapacitorTextZoom: 61c79e8d6dd5209e059dc0f6dadbf7db21b05761
  CordovaPlugins: fd3193ba9649b269ba722a83f43f45f092b160a5
  CordovaPluginsStatic: 94a3fc74f0c1d4667b589b11aeae6e40cb5ad76e
  Firebase: c121feb35e4126c0b355e3313fa9b487d47319fd
  FirebaseCore: 907447d8917a4d3eb0cce2829c5a0ad21d90b432
  FirebaseCoreDiagnostics: 68ad972f99206cef818230f3f3179d52ccfb7f8c
  FirebaseInstallations: a58d4f72ec5861840b84df489f2668d970df558a
  FirebaseInstanceID: ad5135045a498d7775903efd39762d2cdfa1be27
  FirebaseMessaging: 163435fb6db065e3b6228f1e577b10ed2cc506d2
  GoogleDataTransport: cd9db2180fcecd8da1b561aea31e3e56cf834aa7
  GoogleSignIn: 7137d297ddc022a7e0aa4619c86d72c909fa7213
  GoogleUtilities: 31c5b01f978a70c6cff2afc6272b3f1921614b43
  GTMAppAuth: 0ff230db599948a9ad7470ca667337803b3fc4dd
  GTMSessionFetcher: 5595ec75acf5be50814f81e9189490412bad82ba
  nanopb: a0ba3315591a9ae0a16a309ee504766e90db0c96
  PromisesObjC: 3113f7f76903778cf4a0586bd1ab89329a0b7b97
  PryntTrimmerView: 6a43cc90df5d99addeabd33d4ba09b1365322130
  Smartlook: 6ff002c5bef2210f4ed8a4da87e123f8f45d72fb
  SteviaLayout: 05424e528d643657d39ce72c786e4adf13cfc5f2
  SwiftKeychainWrapper: 807ba1d63c33a7d0613288512399cd1eda1e470c
  YPImagePicker: a904f09d282be4ca4ed27c780a5485e119657eaa

PODFILE CHECKSUM: 5d8b12ab41537c3db09315c2c0b8ba7d813c02c3

COCOAPODS: 1.12.1
